
Microsoft Visual Studio Solution File, Format Version 12.00
# Visual Studio Version 16
VisualStudioVersion = 16.0.32106.194
MinimumVisualStudioVersion = 10.0.40219.1
Project("{FAE04EC0-301F-11D3-BF4B-00C04F79EFBC}") = "boxing", "boxing.csproj", "{C6FE996E-2F05-48BA-A956-7605169FC799}"
EndProject
Global
	GlobalSection(SolutionConfigurationPlatforms) = preSolution
		Debug|Any CPU = Debug|Any CPU
		Release|Any CPU = Release|Any CPU
	EndGlobalSection
	GlobalSection(ProjectConfigurationPlatforms) = postSolution
		{C6FE996E-2F05-48BA-A956-7605169FC799}.Debug|Any CPU.ActiveCfg = Debug|Any CPU
		{C6FE996E-2F05-48BA-A956-7605169FC799}.Debug|Any CPU.Build.0 = Debug|Any CPU
		{C6FE996E-2F05-48BA-A956-7605169FC799}.Release|Any CPU.ActiveCfg = Release|Any CPU
		{C6FE996E-2F05-48BA-A956-7605169FC799}.Release|Any CPU.Build.0 = Release|Any CPU
	EndGlobalSection
	GlobalSection(SolutionProperties) = preSolution
		HideSolutionNode = FALSE
	EndGlobalSection
	GlobalSection(ExtensibilityGlobals) = postSolution
		SolutionGuid = {AEC1CF6D-2632-42FA-AB4B-BE33356361B1}
	EndGlobalSection
EndGlobal
