
Microsoft Visual Studio Solution File, Format Version 12.00
# Visual Studio Version 16
VisualStudioVersion = 16.0.32106.194
MinimumVisualStudioVersion = 10.0.40219.1
Project("{FAE04EC0-301F-11D3-BF4B-00C04F79EFBC}") = "exercise", "exercise.csproj", "{35285D00-21BA-4B58-B93E-1FE3FA8A95FE}"
EndProject
Global
	GlobalSection(SolutionConfigurationPlatforms) = preSolution
		Debug|Any CPU = Debug|Any CPU
		Release|Any CPU = Release|Any CPU
	EndGlobalSection
	GlobalSection(ProjectConfigurationPlatforms) = postSolution
		{35285D00-21BA-4B58-B93E-1FE3FA8A95FE}.Debug|Any CPU.ActiveCfg = Debug|Any CPU
		{35285D00-21BA-4B58-B93E-1FE3FA8A95FE}.Debug|Any CPU.Build.0 = Debug|Any CPU
		{35285D00-21BA-4B58-B93E-1FE3FA8A95FE}.Release|Any CPU.ActiveCfg = Release|Any CPU
		{35285D00-21BA-4B58-B93E-1FE3FA8A95FE}.Release|Any CPU.Build.0 = Release|Any CPU
	EndGlobalSection
	GlobalSection(SolutionProperties) = preSolution
		HideSolutionNode = FALSE
	EndGlobalSection
	GlobalSection(ExtensibilityGlobals) = postSolution
		SolutionGuid = {77B675E6-575A-430E-B304-BAEFB24DEB2C}
	EndGlobalSection
EndGlobal
