
Microsoft Visual Studio Solution File, Format Version 12.00
# Visual Studio Version 16
VisualStudioVersion = 16.0.32106.194
MinimumVisualStudioVersion = 10.0.40219.1
Project("{FAE04EC0-301F-11D3-BF4B-00C04F79EFBC}") = "inhertance", "inhertance.csproj", "{E939FC25-A2A5-451D-B1D4-410EFCDD2C75}"
EndProject
Global
	GlobalSection(SolutionConfigurationPlatforms) = preSolution
		Debug|Any CPU = Debug|Any CPU
		Release|Any CPU = Release|Any CPU
	EndGlobalSection
	GlobalSection(ProjectConfigurationPlatforms) = postSolution
		{E939FC25-A2A5-451D-B1D4-410EFCDD2C75}.Debug|Any CPU.ActiveCfg = Debug|Any CPU
		{E939FC25-A2A5-451D-B1D4-410EFCDD2C75}.Debug|Any CPU.Build.0 = Debug|Any CPU
		{E939FC25-A2A5-451D-B1D4-410EFCDD2C75}.Release|Any CPU.ActiveCfg = Release|Any CPU
		{E939FC25-A2A5-451D-B1D4-410EFCDD2C75}.Release|Any CPU.Build.0 = Release|Any CPU
	EndGlobalSection
	GlobalSection(SolutionProperties) = preSolution
		HideSolutionNode = FALSE
	EndGlobalSection
	GlobalSection(ExtensibilityGlobals) = postSolution
		SolutionGuid = {E188D60E-477F-40FB-8FFB-A91D8663094A}
	EndGlobalSection
EndGlobal
