
Microsoft Visual Studio Solution File, Format Version 12.00
# Visual Studio Version 16
VisualStudioVersion = 16.0.32106.194
MinimumVisualStudioVersion = 10.0.40219.1
Project("{FAE04EC0-301F-11D3-BF4B-00C04F79EFBC}") = "palindrom", "palindrom.csproj", "{00367E3A-08C4-4C87-BA6A-B163CD913863}"
EndProject
Global
	GlobalSection(SolutionConfigurationPlatforms) = preSolution
		Debug|Any CPU = Debug|Any CPU
		Release|Any CPU = Release|Any CPU
	EndGlobalSection
	GlobalSection(ProjectConfigurationPlatforms) = postSolution
		{00367E3A-08C4-4C87-BA6A-B163CD913863}.Debug|Any CPU.ActiveCfg = Debug|Any CPU
		{00367E3A-08C4-4C87-BA6A-B163CD913863}.Debug|Any CPU.Build.0 = Debug|Any CPU
		{00367E3A-08C4-4C87-BA6A-B163CD913863}.Release|Any CPU.ActiveCfg = Release|Any CPU
		{00367E3A-08C4-4C87-BA6A-B163CD913863}.Release|Any CPU.Build.0 = Release|Any CPU
	EndGlobalSection
	GlobalSection(SolutionProperties) = preSolution
		HideSolutionNode = FALSE
	EndGlobalSection
	GlobalSection(ExtensibilityGlobals) = postSolution
		SolutionGuid = {94F54CEA-204F-4307-8D0C-1A28B23CC7A9}
	EndGlobalSection
EndGlobal
