
Microsoft Visual Studio Solution File, Format Version 12.00
# Visual Studio Version 16
VisualStudioVersion = 16.0.32106.194
MinimumVisualStudioVersion = 10.0.40219.1
Project("{FAE04EC0-301F-11D3-BF4B-00C04F79EFBC}") = "specialcharacterexception", "specialcharacterexception.csproj", "{3BCA860D-D26B-4B6F-899E-73878A1455EA}"
EndProject
Global
	GlobalSection(SolutionConfigurationPlatforms) = preSolution
		Debug|Any CPU = Debug|Any CPU
		Release|Any CPU = Release|Any CPU
	EndGlobalSection
	GlobalSection(ProjectConfigurationPlatforms) = postSolution
		{3BCA860D-D26B-4B6F-899E-73878A1455EA}.Debug|Any CPU.ActiveCfg = Debug|Any CPU
		{3BCA860D-D26B-4B6F-899E-73878A1455EA}.Debug|Any CPU.Build.0 = Debug|Any CPU
		{3BCA860D-D26B-4B6F-899E-73878A1455EA}.Release|Any CPU.ActiveCfg = Release|Any CPU
		{3BCA860D-D26B-4B6F-899E-73878A1455EA}.Release|Any CPU.Build.0 = Release|Any CPU
	EndGlobalSection
	GlobalSection(SolutionProperties) = preSolution
		HideSolutionNode = FALSE
	EndGlobalSection
	GlobalSection(ExtensibilityGlobals) = postSolution
		SolutionGuid = {89823041-0D99-4D71-8D1D-0E043F846F40}
	EndGlobalSection
EndGlobal
