
Microsoft Visual Studio Solution File, Format Version 12.00
# Visual Studio Version 16
VisualStudioVersion = 16.0.32106.194
MinimumVisualStudioVersion = 10.0.40219.1
Project("{FAE04EC0-301F-11D3-BF4B-00C04F79EFBC}") = "hashtable", "hashtable.csproj", "{68D77C59-FF7D-4EE1-983C-223AD58A064C}"
EndProject
Global
	GlobalSection(SolutionConfigurationPlatforms) = preSolution
		Debug|Any CPU = Debug|Any CPU
		Release|Any CPU = Release|Any CPU
	EndGlobalSection
	GlobalSection(ProjectConfigurationPlatforms) = postSolution
		{68D77C59-FF7D-4EE1-983C-223AD58A064C}.Debug|Any CPU.ActiveCfg = Debug|Any CPU
		{68D77C59-FF7D-4EE1-983C-223AD58A064C}.Debug|Any CPU.Build.0 = Debug|Any CPU
		{68D77C59-FF7D-4EE1-983C-223AD58A064C}.Release|Any CPU.ActiveCfg = Release|Any CPU
		{68D77C59-FF7D-4EE1-983C-223AD58A064C}.Release|Any CPU.Build.0 = Release|Any CPU
	EndGlobalSection
	GlobalSection(SolutionProperties) = preSolution
		HideSolutionNode = FALSE
	EndGlobalSection
	GlobalSection(ExtensibilityGlobals) = postSolution
		SolutionGuid = {6211DEF3-9CA9-4FE7-AEC9-675B1E01733A}
	EndGlobalSection
EndGlobal
