
Microsoft Visual Studio Solution File, Format Version 12.00
# Visual Studio Version 16
VisualStudioVersion = 16.0.32106.194
MinimumVisualStudioVersion = 10.0.40219.1
Project("{FAE04EC0-301F-11D3-BF4B-00C04F79EFBC}") = "oops concept", "oops concept.csproj", "{80DADA4C-1A78-43CE-9FE6-61AF628EE366}"
EndProject
Global
	GlobalSection(SolutionConfigurationPlatforms) = preSolution
		Debug|Any CPU = Debug|Any CPU
		Release|Any CPU = Release|Any CPU
	EndGlobalSection
	GlobalSection(ProjectConfigurationPlatforms) = postSolution
		{80DADA4C-1A78-43CE-9FE6-61AF628EE366}.Debug|Any CPU.ActiveCfg = Debug|Any CPU
		{80DADA4C-1A78-43CE-9FE6-61AF628EE366}.Debug|Any CPU.Build.0 = Debug|Any CPU
		{80DADA4C-1A78-43CE-9FE6-61AF628EE366}.Release|Any CPU.ActiveCfg = Release|Any CPU
		{80DADA4C-1A78-43CE-9FE6-61AF628EE366}.Release|Any CPU.Build.0 = Release|Any CPU
	EndGlobalSection
	GlobalSection(SolutionProperties) = preSolution
		HideSolutionNode = FALSE
	EndGlobalSection
	GlobalSection(ExtensibilityGlobals) = postSolution
		SolutionGuid = {8B44F7D0-7B0F-4DF6-ACA3-6C9F5854767F}
	EndGlobalSection
EndGlobal
